
Microsoft Visual Studio Solution File, Format Version 12.00
# Visual Studio 15
VisualStudioVersion = 15.0.27703.2026
MinimumVisualStudioVersion = 10.0.40219.1
Project("{9A19103F-16F7-4668-BE54-9A1E7A4F7556}") = "AdjacentProduct", "AdjacentProduct\AdjacentProduct.csproj", "{F1C40B87-2926-4709-9B75-46401E4AA646}"
EndProject
Project("{9A19103F-16F7-4668-BE54-9A1E7A4F7556}") = "AdjacentProductTest", "AdjacentProductTest\AdjacentProductTest.csproj", "{634975D4-5DF2-4320-B560-0324872F8BF0}"
EndProject
Global
	GlobalSection(SolutionConfigurationPlatforms) = preSolution
		Debug|Any CPU = Debug|Any CPU
		Release|Any CPU = Release|Any CPU
	EndGlobalSection
	GlobalSection(ProjectConfigurationPlatforms) = postSolution
		{F1C40B87-2926-4709-9B75-46401E4AA646}.Debug|Any CPU.ActiveCfg = Debug|Any CPU
		{F1C40B87-2926-4709-9B75-46401E4AA646}.Debug|Any CPU.Build.0 = Debug|Any CPU
		{F1C40B87-2926-4709-9B75-46401E4AA646}.Release|Any CPU.ActiveCfg = Release|Any CPU
		{F1C40B87-2926-4709-9B75-46401E4AA646}.Release|Any CPU.Build.0 = Release|Any CPU
		{634975D4-5DF2-4320-B560-0324872F8BF0}.Debug|Any CPU.ActiveCfg = Debug|Any CPU
		{634975D4-5DF2-4320-B560-0324872F8BF0}.Debug|Any CPU.Build.0 = Debug|Any CPU
		{634975D4-5DF2-4320-B560-0324872F8BF0}.Release|Any CPU.ActiveCfg = Release|Any CPU
		{634975D4-5DF2-4320-B560-0324872F8BF0}.Release|Any CPU.Build.0 = Release|Any CPU
	EndGlobalSection
	GlobalSection(SolutionProperties) = preSolution
		HideSolutionNode = FALSE
	EndGlobalSection
	GlobalSection(ExtensibilityGlobals) = postSolution
		SolutionGuid = {6D5514BD-9AD4-45DD-9B33-B246AB671495}
	EndGlobalSection
EndGlobal
