
Microsoft Visual Studio Solution File, Format Version 12.00
# Visual Studio 15
VisualStudioVersion = 15.0.27703.2035
MinimumVisualStudioVersion = 10.0.40219.1
Project("{9A19103F-16F7-4668-BE54-9A1E7A4F7556}") = "Trees", "Trees\Trees.csproj", "{0D4CF38C-36C7-497D-A6B3-344F37DFCD0B}"
EndProject
Project("{FAE04EC0-301F-11D3-BF4B-00C04F79EFBC}") = "TestTrees", "TestTrees\TestTrees.csproj", "{91DDBECE-D5C8-415A-A60E-DCF397845CA2}"
EndProject
Global
	GlobalSection(SolutionConfigurationPlatforms) = preSolution
		Debug|Any CPU = Debug|Any CPU
		Release|Any CPU = Release|Any CPU
	EndGlobalSection
	GlobalSection(ProjectConfigurationPlatforms) = postSolution
		{0D4CF38C-36C7-497D-A6B3-344F37DFCD0B}.Debug|Any CPU.ActiveCfg = Debug|Any CPU
		{0D4CF38C-36C7-497D-A6B3-344F37DFCD0B}.Debug|Any CPU.Build.0 = Debug|Any CPU
		{0D4CF38C-36C7-497D-A6B3-344F37DFCD0B}.Release|Any CPU.ActiveCfg = Release|Any CPU
		{0D4CF38C-36C7-497D-A6B3-344F37DFCD0B}.Release|Any CPU.Build.0 = Release|Any CPU
		{91DDBECE-D5C8-415A-A60E-DCF397845CA2}.Debug|Any CPU.ActiveCfg = Debug|Any CPU
		{91DDBECE-D5C8-415A-A60E-DCF397845CA2}.Debug|Any CPU.Build.0 = Debug|Any CPU
		{91DDBECE-D5C8-415A-A60E-DCF397845CA2}.Release|Any CPU.ActiveCfg = Release|Any CPU
		{91DDBECE-D5C8-415A-A60E-DCF397845CA2}.Release|Any CPU.Build.0 = Release|Any CPU
	EndGlobalSection
	GlobalSection(SolutionProperties) = preSolution
		HideSolutionNode = FALSE
	EndGlobalSection
	GlobalSection(ExtensibilityGlobals) = postSolution
		SolutionGuid = {97C20430-A1DA-4770-9D05-CE4CA3E670EB}
	EndGlobalSection
EndGlobal
