
Microsoft Visual Studio Solution File, Format Version 12.00
# Visual Studio 15
VisualStudioVersion = 15.0.27703.2042
MinimumVisualStudioVersion = 10.0.40219.1
Project("{FAE04EC0-301F-11D3-BF4B-00C04F79EFBC}") = "RepeatedWord", "RepeatedWord\RepeatedWord.csproj", "{92A0A4C1-8DD2-4C2E-BF81-A36949695BEB}"
EndProject
Project("{FAE04EC0-301F-11D3-BF4B-00C04F79EFBC}") = "RepeatedWordTests", "RepeatedWordTests\RepeatedWordTests.csproj", "{55620D53-573E-4CD1-9277-1990EB9DD8F4}"
EndProject
Global
	GlobalSection(SolutionConfigurationPlatforms) = preSolution
		Debug|Any CPU = Debug|Any CPU
		Release|Any CPU = Release|Any CPU
	EndGlobalSection
	GlobalSection(ProjectConfigurationPlatforms) = postSolution
		{92A0A4C1-8DD2-4C2E-BF81-A36949695BEB}.Debug|Any CPU.ActiveCfg = Debug|Any CPU
		{92A0A4C1-8DD2-4C2E-BF81-A36949695BEB}.Debug|Any CPU.Build.0 = Debug|Any CPU
		{92A0A4C1-8DD2-4C2E-BF81-A36949695BEB}.Release|Any CPU.ActiveCfg = Release|Any CPU
		{92A0A4C1-8DD2-4C2E-BF81-A36949695BEB}.Release|Any CPU.Build.0 = Release|Any CPU
		{55620D53-573E-4CD1-9277-1990EB9DD8F4}.Debug|Any CPU.ActiveCfg = Debug|Any CPU
		{55620D53-573E-4CD1-9277-1990EB9DD8F4}.Debug|Any CPU.Build.0 = Debug|Any CPU
		{55620D53-573E-4CD1-9277-1990EB9DD8F4}.Release|Any CPU.ActiveCfg = Release|Any CPU
		{55620D53-573E-4CD1-9277-1990EB9DD8F4}.Release|Any CPU.Build.0 = Release|Any CPU
	EndGlobalSection
	GlobalSection(SolutionProperties) = preSolution
		HideSolutionNode = FALSE
	EndGlobalSection
	GlobalSection(ExtensibilityGlobals) = postSolution
		SolutionGuid = {AD34EB38-8CB3-460C-9CD3-A3A33A32E477}
	EndGlobalSection
EndGlobal
