
Microsoft Visual Studio Solution File, Format Version 12.00
# Visual Studio 15
VisualStudioVersion = 15.0.27703.2035
MinimumVisualStudioVersion = 10.0.40219.1
Project("{FAE04EC0-301F-11D3-BF4B-00C04F79EFBC}") = "QueueWithStacks", "QueueWithStacks\QueueWithStacks.csproj", "{B6958E72-1409-4694-B18B-BA6CCD7E7AF5}"
EndProject
Project("{9A19103F-16F7-4668-BE54-9A1E7A4F7556}") = "Stack and Queue", "..\..\Data Structures\Stack and Queue\Stack and Queue\Stack and Queue.csproj", "{4028D7D5-C3C4-4B5D-838E-C3515C3A8F3D}"
EndProject
Project("{FAE04EC0-301F-11D3-BF4B-00C04F79EFBC}") = "TestStackQueue", "TestStackQueue\TestStackQueue.csproj", "{9B3E0DB6-580F-4C8E-A661-ECE8092C9E65}"
EndProject
Global
	GlobalSection(SolutionConfigurationPlatforms) = preSolution
		Debug|Any CPU = Debug|Any CPU
		Release|Any CPU = Release|Any CPU
	EndGlobalSection
	GlobalSection(ProjectConfigurationPlatforms) = postSolution
		{B6958E72-1409-4694-B18B-BA6CCD7E7AF5}.Debug|Any CPU.ActiveCfg = Debug|Any CPU
		{B6958E72-1409-4694-B18B-BA6CCD7E7AF5}.Debug|Any CPU.Build.0 = Debug|Any CPU
		{B6958E72-1409-4694-B18B-BA6CCD7E7AF5}.Release|Any CPU.ActiveCfg = Release|Any CPU
		{B6958E72-1409-4694-B18B-BA6CCD7E7AF5}.Release|Any CPU.Build.0 = Release|Any CPU
		{4028D7D5-C3C4-4B5D-838E-C3515C3A8F3D}.Debug|Any CPU.ActiveCfg = Debug|Any CPU
		{4028D7D5-C3C4-4B5D-838E-C3515C3A8F3D}.Debug|Any CPU.Build.0 = Debug|Any CPU
		{4028D7D5-C3C4-4B5D-838E-C3515C3A8F3D}.Release|Any CPU.ActiveCfg = Release|Any CPU
		{4028D7D5-C3C4-4B5D-838E-C3515C3A8F3D}.Release|Any CPU.Build.0 = Release|Any CPU
		{9B3E0DB6-580F-4C8E-A661-ECE8092C9E65}.Debug|Any CPU.ActiveCfg = Debug|Any CPU
		{9B3E0DB6-580F-4C8E-A661-ECE8092C9E65}.Debug|Any CPU.Build.0 = Debug|Any CPU
		{9B3E0DB6-580F-4C8E-A661-ECE8092C9E65}.Release|Any CPU.ActiveCfg = Release|Any CPU
		{9B3E0DB6-580F-4C8E-A661-ECE8092C9E65}.Release|Any CPU.Build.0 = Release|Any CPU
	EndGlobalSection
	GlobalSection(SolutionProperties) = preSolution
		HideSolutionNode = FALSE
	EndGlobalSection
	GlobalSection(ExtensibilityGlobals) = postSolution
		SolutionGuid = {3C5D2A18-9E39-45FC-83EE-C219F4256FDB}
	EndGlobalSection
EndGlobal
